# THIS IS AN AUTOGENERATED FILE. DO NOT EDIT THIS FILE DIRECTLY.
# yarn lockfile v1


katsumanarisawa-a@0.0.6:
  version "0.0.6"
  resolved "https://registry.yarnpkg.com/katsumanarisawa-a/-/katsumanarisawa-a-0.0.6.tgz#ffd656750ada601fc32ce5e2edb29a67bff4e640"
  integrity sha512-PaNeWPewfNzQLf+y1IZPLE/895VB1yzK8lTyGeZpaJH9fiXP2+fJQR3grl0rztVXwlnRCG8SmZWxmM5CE5cUrg==
