# THIS IS AN AUTOGENERATED FILE. DO NOT EDIT THIS FILE DIRECTLY.
# yarn lockfile v1


katsumanarisawa-a@0.0.2:
  version "0.0.2"
  resolved "https://registry.yarnpkg.com/katsumanarisawa-a/-/katsumanarisawa-a-0.0.2.tgz#3fde490379efdd8709d977a355305cb3df563aa8"
  integrity sha512-P/MkfzL6p4t4GrAiVIWCoALcLm6cw94Wzg8YFPWJ92TTPrpR3lSyGwgNYSnd2YyjUEZz1w4wa5zYI9EouWsFYQ==
