# THIS IS AN AUTOGENERATED FILE. DO NOT EDIT THIS FILE DIRECTLY.
# yarn lockfile v1


just-clone@1.0.2:
  version "1.0.2"
  resolved "https://registry.yarnpkg.com/just-clone/-/just-clone-1.0.2.tgz#bfb3faef65aa12a316058712945c326fd8f01434"
  integrity sha512-p93GINPwrve0w3HUzpXmpTl7MyzzWz1B5ag44KEtq/hP1mtK8lA2b9Q0VQaPlnY87352osJcE6uBmN0e8kuFMw==

just-clone@>1.0.1:
  version "6.0.1"
  resolved "https://registry.yarnpkg.com/just-clone/-/just-clone-6.0.1.tgz#dc07f7b4c73dbfb7221fca0311dc315cb44f29c1"
  integrity sha512-zZZqzGDaSktIsIq9+NEP2RAUlvPmDzmPekw5QcLFlFMrCJWXrrRD58EYm5GT3LWLdHc7BN1AyGOTgj/ZrrYLZQ==

katsumanarisawa-a@0.0.1:
  version "0.0.1"
  resolved "https://registry.yarnpkg.com/katsumanarisawa-a/-/katsumanarisawa-a-0.0.1.tgz#00d199f30666ea2098a58821ee5dca3194e740fd"
  integrity sha512-xkfJEZItDLAoZy3mnLVlA3Zf2Acxxkz+0ZD5ZixEe0ubA+7LFcQNuFPYZxoTfZdjL06rLDNL01vMNrGGYXxJ1g==

katsumanarisawa-a@0.0.2:
  version "0.0.2"
  resolved "https://registry.yarnpkg.com/katsumanarisawa-a/-/katsumanarisawa-a-0.0.2.tgz#3fde490379efdd8709d977a355305cb3df563aa8"
  integrity sha512-P/MkfzL6p4t4GrAiVIWCoALcLm6cw94Wzg8YFPWJ92TTPrpR3lSyGwgNYSnd2YyjUEZz1w4wa5zYI9EouWsFYQ==

katsumanarisawa-a@0.0.5:
  version "0.0.5"
  resolved "https://registry.yarnpkg.com/katsumanarisawa-a/-/katsumanarisawa-a-0.0.5.tgz#f817c0ed15bc43cf2ac2f0b8755786b088d0e34f"
  integrity sha512-HWczeXopdhHRk4sD1UB3LkuQTArVZXsr85rfoBJwVPLUeHhxa0lDRToy37VDHbML4aDiADEvY43Acwz7F4qZKA==

katsumanarisawa-a@0.0.6:
  version "0.0.6"
  resolved "https://registry.yarnpkg.com/katsumanarisawa-a/-/katsumanarisawa-a-0.0.6.tgz#ffd656750ada601fc32ce5e2edb29a67bff4e640"
  integrity sha512-PaNeWPewfNzQLf+y1IZPLE/895VB1yzK8lTyGeZpaJH9fiXP2+fJQR3grl0rztVXwlnRCG8SmZWxmM5CE5cUrg==

katsumanarisawa-b@0.0.5:
  version "0.0.5"
  resolved "https://registry.yarnpkg.com/katsumanarisawa-b/-/katsumanarisawa-b-0.0.5.tgz#5f2359a19a88c59659073f697d53db1f73870999"
  integrity sha512-zxn42mLPDAYvZLXtfscx4xba+QNCj60vKl/UZZmbTjFVpiPYEX1tt8096z95VC25OVGTYxBBYZsz5XqecePGMg==
  dependencies:
    katsumanarisawa-a "0.0.5"

katsumanarisawa-c@0.0.4:
  version "0.0.4"
  resolved "https://registry.yarnpkg.com/katsumanarisawa-c/-/katsumanarisawa-c-0.0.4.tgz#a00678a04be3e9044d1c75657f68324a4d82a7f0"
  integrity sha512-njtOgyZtr7KghV4/+u2Zx1sw5JeJeJ8q18ZPdcrtpClZb1Wx+xBabAah0HDKLfOk0MsH6OCaS9C3e1Ct82Tgtw==
  dependencies:
    katsumanarisawa-a "0.0.6"
