# THIS IS AN AUTOGENERATED FILE. DO NOT EDIT THIS FILE DIRECTLY.
# yarn lockfile v1


katsumanarisawa-a@0.0.1:
  version "0.0.1"
  resolved "https://registry.yarnpkg.com/katsumanarisawa-a/-/katsumanarisawa-a-0.0.1.tgz#00d199f30666ea2098a58821ee5dca3194e740fd"
  integrity sha512-xkfJEZItDLAoZy3mnLVlA3Zf2Acxxkz+0ZD5ZixEe0ubA+7LFcQNuFPYZxoTfZdjL06rLDNL01vMNrGGYXxJ1g==
