# THIS IS AN AUTOGENERATED FILE. DO NOT EDIT THIS FILE DIRECTLY.
# yarn lockfile v1


katsumanarisawa-a@0.0.5:
  version "0.0.5"
  resolved "https://registry.yarnpkg.com/katsumanarisawa-a/-/katsumanarisawa-a-0.0.5.tgz#f817c0ed15bc43cf2ac2f0b8755786b088d0e34f"
  integrity sha512-HWczeXopdhHRk4sD1UB3LkuQTArVZXsr85rfoBJwVPLUeHhxa0lDRToy37VDHbML4aDiADEvY43Acwz7F4qZKA==
